{
  "name": "demo",
  "version": "1.0.0",
  "lockfileVersion": 1,
  "requires": true,
  "dependencies": {
    "jquery": {
      "version": "3.3.1",
      "resolved": "http://registry.npm.taobao.org/jquery/download/jquery-3.3.1.tgz",
      "integrity": "sha1-lYzinoHJeQ8xvneS311NlfxX+8o="
    },
    "jquery-lazyload": {
      "version": "1.9.7",
      "resolved": "http://registry.npm.taobao.org/jquery-lazyload/download/jquery-lazyload-1.9.7.tgz",
      "integrity": "sha1-mYKziMUzwLYRIUs8WqoLn+3gcfc="
    }
  }
}
